{
    "name": "unist-util-split",
    "version": "0.1.0",
    "lockfileVersion": 2,
    "requires": true,
    "packages": {
        "": {
            "name": "unist-util-split",
            "version": "0.1.0",
            "license": "MIT",
            "dependencies": {
                "@types/unist": "^2.0.0"
            },
            "devDependencies": {}
        },
        "node_modules/@types/unist": {
            "version": "2.0.6",
            "resolved": "https://registry.npmjs.org/@types/unist/-/unist-2.0.6.tgz",
            "integrity": "sha512-PBjIUxZHOuj0R15/xuwJYjFi+KZdNFrehocChv4g5hu6aFroHue8m0lBP0POdK2nKzbw0cgV1mws8+V/JAcEkQ=="
        }
    },
    "dependencies": {
        "@types/unist": {
            "version": "2.0.6",
            "resolved": "https://registry.npmjs.org/@types/unist/-/unist-2.0.6.tgz",
            "integrity": "sha512-PBjIUxZHOuj0R15/xuwJYjFi+KZdNFrehocChv4g5hu6aFroHue8m0lBP0POdK2nKzbw0cgV1mws8+V/JAcEkQ=="
        }
    }
}
